
Microsoft Visual Studio Solution File, Format Version 12.00
# Visual Studio Version 17
VisualStudioVersion = 17.4.33603.86
MinimumVisualStudioVersion = 10.0.40219.1
Project("{FAE04EC0-301F-11D3-BF4B-00C04F79EFBC}") = "CoreWebApp1", "CoreWebApp1.csproj", "{1C25CA10-E409-4335-9855-4FC2D9DCEB42}"
EndProject
Global
	GlobalSection(SolutionConfigurationPlatforms) = preSolution
		Debug|Any CPU = Debug|Any CPU
		Release|Any CPU = Release|Any CPU
	EndGlobalSection
	GlobalSection(ProjectConfigurationPlatforms) = postSolution
		{1C25CA10-E409-4335-9855-4FC2D9DCEB42}.Debug|Any CPU.ActiveCfg = Debug|Any CPU
		{1C25CA10-E409-4335-9855-4FC2D9DCEB42}.Debug|Any CPU.Build.0 = Debug|Any CPU
		{1C25CA10-E409-4335-9855-4FC2D9DCEB42}.Release|Any CPU.ActiveCfg = Release|Any CPU
		{1C25CA10-E409-4335-9855-4FC2D9DCEB42}.Release|Any CPU.Build.0 = Release|Any CPU
	EndGlobalSection
	GlobalSection(SolutionProperties) = preSolution
		HideSolutionNode = FALSE
	EndGlobalSection
	GlobalSection(ExtensibilityGlobals) = postSolution
		SolutionGuid = {C341CE5E-7E35-4050-A5F2-F6089CCDAC1B}
	EndGlobalSection
EndGlobal
